// !$*UTF8*$!
{
	archiveVersion = 1;
	classes = {
	};
	objectVersion = 56;
	objects = {

/* Begin PBXBuildFile section */
		E5248CB3A60F20074FB37464 /* Pods_TipReporter.framework in Frameworks */ = {isa = PBXBuildFile; fileRef = 6BC48682E644456FC331A778 /* Pods_TipReporter.framework */; };
		EB1DEF7529FE004900FB5E43 /* FamilyDetailsCell.swift in Sources */ = {isa = PBXBuildFile; fileRef = EB1DEF7429FE004900FB5E43 /* FamilyDetailsCell.swift */; };
		EB1DEF7729FE015400FB5E43 /* FamilyDetailsViewController.swift in Sources */ = {isa = PBXBuildFile; fileRef = EB1DEF7629FE015400FB5E43 /* FamilyDetailsViewController.swift */; };
		EB1DEF7A29FF454B00FB5E43 /* Firebase.swift in Sources */ = {isa = PBXBuildFile; fileRef = EB1DEF7929FF454B00FB5E43 /* Firebase.swift */; };
		EB6DCE3229F0BB100098AA11 /* AppDelegate.swift in Sources */ = {isa = PBXBuildFile; fileRef = EB6DCE3129F0BB100098AA11 /* AppDelegate.swift */; };
		EB6DCE3429F0BB100098AA11 /* SceneDelegate.swift in Sources */ = {isa = PBXBuildFile; fileRef = EB6DCE3329F0BB100098AA11 /* SceneDelegate.swift */; };
		EB6DCE3929F0BB100098AA11 /* Main.storyboard in Resources */ = {isa = PBXBuildFile; fileRef = EB6DCE3729F0BB100098AA11 /* Main.storyboard */; };
		EB6DCE3B29F0BB120098AA11 /* Assets.xcassets in Resources */ = {isa = PBXBuildFile; fileRef = EB6DCE3A29F0BB120098AA11 /* Assets.xcassets */; };
		EB6DCE3E29F0BB120098AA11 /* LaunchScreen.storyboard in Resources */ = {isa = PBXBuildFile; fileRef = EB6DCE3C29F0BB120098AA11 /* LaunchScreen.storyboard */; };
		EB6DCE4E29F0C4BF0098AA11 /* AddTipsViewController.swift in Sources */ = {isa = PBXBuildFile; fileRef = EB6DCE4D29F0C4BF0098AA11 /* AddTipsViewController.swift */; };
		EB6DCE5629F195730098AA11 /* FamilyListViewController.swift in Sources */ = {isa = PBXBuildFile; fileRef = EB6DCE5529F195730098AA11 /* FamilyListViewController.swift */; };
		EB6DCE5829F1977F0098AA11 /* FamilyCell.swift in Sources */ = {isa = PBXBuildFile; fileRef = EB6DCE5729F1977F0098AA11 /* FamilyCell.swift */; };
		EB6DCE5B29F886880098AA11 /* Interests.txt in Resources */ = {isa = PBXBuildFile; fileRef = EB6DCE5A29F886880098AA11 /* Interests.txt */; };
		EB6DCE5D29F8A06E0098AA11 /* InterestsTableViewController.swift in Sources */ = {isa = PBXBuildFile; fileRef = EB6DCE5C29F8A06E0098AA11 /* InterestsTableViewController.swift */; };
		EB6DCE5F29F8A19A0098AA11 /* InterestCell.swift in Sources */ = {isa = PBXBuildFile; fileRef = EB6DCE5E29F8A19A0098AA11 /* InterestCell.swift */; };
		EB71BC7D2A12AA48005520A8 /* SignInViewController.swift in Sources */ = {isa = PBXBuildFile; fileRef = EB71BC7C2A12AA48005520A8 /* SignInViewController.swift */; };
		EBE78B632A01EC6C007ED3EB /* RoundedBackgroundView.swift in Sources */ = {isa = PBXBuildFile; fileRef = EBE78B622A01EC6C007ED3EB /* RoundedBackgroundView.swift */; };
		EBE78B652A01F06D007ED3EB /* GoogleService-Info.plist in Resources */ = {isa = PBXBuildFile; fileRef = EBE78B642A01F06D007ED3EB /* GoogleService-Info.plist */; };
/* End PBXBuildFile section */

/* Begin PBXFileReference section */
		6BC48682E644456FC331A778 /* Pods_TipReporter.framework */ = {isa = PBXFileReference; explicitFileType = wrapper.framework; includeInIndex = 0; path = Pods_TipReporter.framework; sourceTree = BUILT_PRODUCTS_DIR; };
		C7AB8A2F75CD7CB2C551B2B6 /* Pods-TipReporter.debug.xcconfig */ = {isa = PBXFileReference; includeInIndex = 1; lastKnownFileType = text.xcconfig; name = "Pods-TipReporter.debug.xcconfig"; path = "Target Support Files/Pods-TipReporter/Pods-TipReporter.debug.xcconfig"; sourceTree = "<group>"; };
		EB1DEF7429FE004900FB5E43 /* FamilyDetailsCell.swift */ = {isa = PBXFileReference; lastKnownFileType = sourcecode.swift; path = FamilyDetailsCell.swift; sourceTree = "<group>"; };
		EB1DEF7629FE015400FB5E43 /* FamilyDetailsViewController.swift */ = {isa = PBXFileReference; lastKnownFileType = sourcecode.swift; path = FamilyDetailsViewController.swift; sourceTree = "<group>"; };
		EB1DEF7929FF454B00FB5E43 /* Firebase.swift */ = {isa = PBXFileReference; lastKnownFileType = sourcecode.swift; path = Firebase.swift; sourceTree = "<group>"; };
		EB6DCE2E29F0BB100098AA11 /* TipReporter.app */ = {isa = PBXFileReference; explicitFileType = wrapper.application; includeInIndex = 0; path = TipReporter.app; sourceTree = BUILT_PRODUCTS_DIR; };
		EB6DCE3129F0BB100098AA11 /* AppDelegate.swift */ = {isa = PBXFileReference; lastKnownFileType = sourcecode.swift; path = AppDelegate.swift; sourceTree = "<group>"; };
		EB6DCE3329F0BB100098AA11 /* SceneDelegate.swift */ = {isa = PBXFileReference; lastKnownFileType = sourcecode.swift; path = SceneDelegate.swift; sourceTree = "<group>"; };
		EB6DCE3829F0BB100098AA11 /* Base */ = {isa = PBXFileReference; lastKnownFileType = file.storyboard; name = Base; path = Base.lproj/Main.storyboard; sourceTree = "<group>"; };
		EB6DCE3A29F0BB120098AA11 /* Assets.xcassets */ = {isa = PBXFileReference; lastKnownFileType = folder.assetcatalog; path = Assets.xcassets; sourceTree = "<group>"; };
		EB6DCE3D29F0BB120098AA11 /* Base */ = {isa = PBXFileReference; lastKnownFileType = file.storyboard; name = Base; path = Base.lproj/LaunchScreen.storyboard; sourceTree = "<group>"; };
		EB6DCE3F29F0BB120098AA11 /* Info.plist */ = {isa = PBXFileReference; lastKnownFileType = text.plist.xml; path = Info.plist; sourceTree = "<group>"; };
		EB6DCE4D29F0C4BF0098AA11 /* AddTipsViewController.swift */ = {isa = PBXFileReference; lastKnownFileType = sourcecode.swift; path = AddTipsViewController.swift; sourceTree = "<group>"; };
		EB6DCE5529F195730098AA11 /* FamilyListViewController.swift */ = {isa = PBXFileReference; lastKnownFileType = sourcecode.swift; path = FamilyListViewController.swift; sourceTree = "<group>"; };
		EB6DCE5729F1977F0098AA11 /* FamilyCell.swift */ = {isa = PBXFileReference; lastKnownFileType = sourcecode.swift; path = FamilyCell.swift; sourceTree = "<group>"; };
		EB6DCE5A29F886880098AA11 /* Interests.txt */ = {isa = PBXFileReference; lastKnownFileType = text; name = Interests.txt; path = TipReporter/Interests.txt; sourceTree = SOURCE_ROOT; };
		EB6DCE5C29F8A06E0098AA11 /* InterestsTableViewController.swift */ = {isa = PBXFileReference; lastKnownFileType = sourcecode.swift; path = InterestsTableViewController.swift; sourceTree = "<group>"; };
		EB6DCE5E29F8A19A0098AA11 /* InterestCell.swift */ = {isa = PBXFileReference; lastKnownFileType = sourcecode.swift; path = InterestCell.swift; sourceTree = "<group>"; };
		EB71BC7C2A12AA48005520A8 /* SignInViewController.swift */ = {isa = PBXFileReference; lastKnownFileType = sourcecode.swift; path = SignInViewController.swift; sourceTree = "<group>"; };
		EBE78B622A01EC6C007ED3EB /* RoundedBackgroundView.swift */ = {isa = PBXFileReference; lastKnownFileType = sourcecode.swift; path = RoundedBackgroundView.swift; sourceTree = "<group>"; };
		EBE78B642A01F06D007ED3EB /* GoogleService-Info.plist */ = {isa = PBXFileReference; fileEncoding = 4; lastKnownFileType = text.plist.xml; path = "GoogleService-Info.plist"; sourceTree = "<group>"; };
		FFA1670B938292A0CEBD65E2 /* Pods-TipReporter.release.xcconfig */ = {isa = PBXFileReference; includeInIndex = 1; lastKnownFileType = text.xcconfig; name = "Pods-TipReporter.release.xcconfig"; path = "Target Support Files/Pods-TipReporter/Pods-TipReporter.release.xcconfig"; sourceTree = "<group>"; };
/* End PBXFileReference section */

/* Begin PBXFrameworksBuildPhase section */
		EB6DCE2B29F0BB100098AA11 /* Frameworks */ = {
			isa = PBXFrameworksBuildPhase;
			buildActionMask = 2147483647;
			files = (
				E5248CB3A60F20074FB37464 /* Pods_TipReporter.framework in Frameworks */,
			);
			runOnlyForDeploymentPostprocessing = 0;
		};
/* End PBXFrameworksBuildPhase section */

/* Begin PBXGroup section */
		BD3BB64A483ED48AAF9FEF80 /* Pods */ = {
			isa = PBXGroup;
			children = (
				C7AB8A2F75CD7CB2C551B2B6 /* Pods-TipReporter.debug.xcconfig */,
				FFA1670B938292A0CEBD65E2 /* Pods-TipReporter.release.xcconfig */,
			);
			path = Pods;
			sourceTree = "<group>";
		};
		C958317DBBD5235101C1CBCC /* Frameworks */ = {
			isa = PBXGroup;
			children = (
				6BC48682E644456FC331A778 /* Pods_TipReporter.framework */,
			);
			name = Frameworks;
			sourceTree = "<group>";
		};
		EB1DEF7829FF451F00FB5E43 /* Services */ = {
			isa = PBXGroup;
			children = (
				EB1DEF7929FF454B00FB5E43 /* Firebase.swift */,
			);
			path = Services;
			sourceTree = "<group>";
		};
		EB6DCE2529F0BB0F0098AA11 = {
			isa = PBXGroup;
			children = (
				EB6DCE3029F0BB100098AA11 /* TipReporter */,
				EB6DCE2F29F0BB100098AA11 /* Products */,
				BD3BB64A483ED48AAF9FEF80 /* Pods */,
				C958317DBBD5235101C1CBCC /* Frameworks */,
			);
			sourceTree = "<group>";
		};
		EB6DCE2F29F0BB100098AA11 /* Products */ = {
			isa = PBXGroup;
			children = (
				EB6DCE2E29F0BB100098AA11 /* TipReporter.app */,
			);
			name = Products;
			sourceTree = "<group>";
		};
		EB6DCE3029F0BB100098AA11 /* TipReporter */ = {
			isa = PBXGroup;
			children = (
				EB1DEF7829FF451F00FB5E43 /* Services */,
				EB6DCE4629F0BB840098AA11 /* Views */,
				EB6DCE3129F0BB100098AA11 /* AppDelegate.swift */,
				EB6DCE3329F0BB100098AA11 /* SceneDelegate.swift */,
				EB6DCE3729F0BB100098AA11 /* Main.storyboard */,
				EB6DCE3A29F0BB120098AA11 /* Assets.xcassets */,
				EB6DCE3C29F0BB120098AA11 /* LaunchScreen.storyboard */,
				EB6DCE3F29F0BB120098AA11 /* Info.plist */,
				EBE78B642A01F06D007ED3EB /* GoogleService-Info.plist */,
				EB6DCE5A29F886880098AA11 /* Interests.txt */,
				EBE78B622A01EC6C007ED3EB /* RoundedBackgroundView.swift */,
			);
			path = TipReporter;
			sourceTree = "<group>";
		};
		EB6DCE4629F0BB840098AA11 /* Views */ = {
			isa = PBXGroup;
			children = (
				EB6DCE4D29F0C4BF0098AA11 /* AddTipsViewController.swift */,
				EB6DCE5529F195730098AA11 /* FamilyListViewController.swift */,
				EB6DCE5729F1977F0098AA11 /* FamilyCell.swift */,
				EB6DCE5C29F8A06E0098AA11 /* InterestsTableViewController.swift */,
				EB6DCE5E29F8A19A0098AA11 /* InterestCell.swift */,
				EB1DEF7429FE004900FB5E43 /* FamilyDetailsCell.swift */,
				EB1DEF7629FE015400FB5E43 /* FamilyDetailsViewController.swift */,
				EB71BC7C2A12AA48005520A8 /* SignInViewController.swift */,
			);
			path = Views;
			sourceTree = "<group>";
		};
/* End PBXGroup section */

/* Begin PBXNativeTarget section */
		EB6DCE2D29F0BB100098AA11 /* TipReporter */ = {
			isa = PBXNativeTarget;
			buildConfigurationList = EB6DCE4229F0BB120098AA11 /* Build configuration list for PBXNativeTarget "TipReporter" */;
			buildPhases = (
				DACA3D1B8EB497EF0BD63171 /* [CP] Check Pods Manifest.lock */,
				EB6DCE2A29F0BB100098AA11 /* Sources */,
				EB6DCE2B29F0BB100098AA11 /* Frameworks */,
				EB6DCE2C29F0BB100098AA11 /* Resources */,
				0115975B5F39EE1DB451B422 /* [CP] Embed Pods Frameworks */,
			);
			buildRules = (
			);
			dependencies = (
			);
			name = TipReporter;
			productName = TipReporter;
			productReference = EB6DCE2E29F0BB100098AA11 /* TipReporter.app */;
			productType = "com.apple.product-type.application";
		};
/* End PBXNativeTarget section */

/* Begin PBXProject section */
		EB6DCE2629F0BB0F0098AA11 /* Project object */ = {
			isa = PBXProject;
			attributes = {
				BuildIndependentTargetsInParallel = 1;
				LastSwiftUpdateCheck = 1430;
				LastUpgradeCheck = 1430;
				TargetAttributes = {
					EB6DCE2D29F0BB100098AA11 = {
						CreatedOnToolsVersion = 14.3;
					};
				};
			};
			buildConfigurationList = EB6DCE2929F0BB0F0098AA11 /* Build configuration list for PBXProject "TipReporter" */;
			compatibilityVersion = "Xcode 14.0";
			developmentRegion = en;
			hasScannedForEncodings = 0;
			knownRegions = (
				en,
				Base,
			);
			mainGroup = EB6DCE2529F0BB0F0098AA11;
			productRefGroup = EB6DCE2F29F0BB100098AA11 /* Products */;
			projectDirPath = "";
			projectRoot = "";
			targets = (
				EB6DCE2D29F0BB100098AA11 /* TipReporter */,
			);
		};
/* End PBXProject section */

/* Begin PBXResourcesBuildPhase section */
		EB6DCE2C29F0BB100098AA11 /* Resources */ = {
			isa = PBXResourcesBuildPhase;
			buildActionMask = 2147483647;
			files = (
				EB6DCE3E29F0BB120098AA11 /* LaunchScreen.storyboard in Resources */,
				EB6DCE3B29F0BB120098AA11 /* Assets.xcassets in Resources */,
				EB6DCE5B29F886880098AA11 /* Interests.txt in Resources */,
				EB6DCE3929F0BB100098AA11 /* Main.storyboard in Resources */,
				EBE78B652A01F06D007ED3EB /* GoogleService-Info.plist in Resources */,
			);
			runOnlyForDeploymentPostprocessing = 0;
		};
/* End PBXResourcesBuildPhase section */

/* Begin PBXShellScriptBuildPhase section */
		0115975B5F39EE1DB451B422 /* [CP] Embed Pods Frameworks */ = {
			isa = PBXShellScriptBuildPhase;
			buildActionMask = 2147483647;
			files = (
			);
			inputFileListPaths = (
				"${PODS_ROOT}/Target Support Files/Pods-TipReporter/Pods-TipReporter-frameworks-${CONFIGURATION}-input-files.xcfilelist",
			);
			name = "[CP] Embed Pods Frameworks";
			outputFileListPaths = (
				"${PODS_ROOT}/Target Support Files/Pods-TipReporter/Pods-TipReporter-frameworks-${CONFIGURATION}-output-files.xcfilelist",
			);
			runOnlyForDeploymentPostprocessing = 0;
			shellPath = /bin/sh;
			shellScript = "\"${PODS_ROOT}/Target Support Files/Pods-TipReporter/Pods-TipReporter-frameworks.sh\"\n";
			showEnvVarsInLog = 0;
		};
		DACA3D1B8EB497EF0BD63171 /* [CP] Check Pods Manifest.lock */ = {
			isa = PBXShellScriptBuildPhase;
			buildActionMask = 2147483647;
			files = (
			);
			inputFileListPaths = (
			);
			inputPaths = (
				"${PODS_PODFILE_DIR_PATH}/Podfile.lock",
				"${PODS_ROOT}/Manifest.lock",
			);
			name = "[CP] Check Pods Manifest.lock";
			outputFileListPaths = (
			);
			outputPaths = (
				"$(DERIVED_FILE_DIR)/Pods-TipReporter-checkManifestLockResult.txt",
			);
			runOnlyForDeploymentPostprocessing = 0;
			shellPath = /bin/sh;
			shellScript = "diff \"${PODS_PODFILE_DIR_PATH}/Podfile.lock\" \"${PODS_ROOT}/Manifest.lock\" > /dev/null\nif [ $? != 0 ] ; then\n    # print error to STDERR\n    echo \"error: The sandbox is not in sync with the Podfile.lock. Run 'pod install' or update your CocoaPods installation.\" >&2\n    exit 1\nfi\n# This output is used by Xcode 'outputs' to avoid re-running this script phase.\necho \"SUCCESS\" > \"${SCRIPT_OUTPUT_FILE_0}\"\n";
			showEnvVarsInLog = 0;
		};
/* End PBXShellScriptBuildPhase section */

/* Begin PBXSourcesBuildPhase section */
		EB6DCE2A29F0BB100098AA11 /* Sources */ = {
			isa = PBXSourcesBuildPhase;
			buildActionMask = 2147483647;
			files = (
				EB1DEF7A29FF454B00FB5E43 /* Firebase.swift in Sources */,
				EB6DCE5629F195730098AA11 /* FamilyListViewController.swift in Sources */,
				EB6DCE5F29F8A19A0098AA11 /* InterestCell.swift in Sources */,
				EB1DEF7729FE015400FB5E43 /* FamilyDetailsViewController.swift in Sources */,
				EB6DCE4E29F0C4BF0098AA11 /* AddTipsViewController.swift in Sources */,
				EB1DEF7529FE004900FB5E43 /* FamilyDetailsCell.swift in Sources */,
				EB6DCE5D29F8A06E0098AA11 /* InterestsTableViewController.swift in Sources */,
				EB6DCE5829F1977F0098AA11 /* FamilyCell.swift in Sources */,
				EB71BC7D2A12AA48005520A8 /* SignInViewController.swift in Sources */,
				EBE78B632A01EC6C007ED3EB /* RoundedBackgroundView.swift in Sources */,
				EB6DCE3229F0BB100098AA11 /* AppDelegate.swift in Sources */,
				EB6DCE3429F0BB100098AA11 /* SceneDelegate.swift in Sources */,
			);
			runOnlyForDeploymentPostprocessing = 0;
		};
/* End PBXSourcesBuildPhase section */

/* Begin PBXVariantGroup section */
		EB6DCE3729F0BB100098AA11 /* Main.storyboard */ = {
			isa = PBXVariantGroup;
			children = (
				EB6DCE3829F0BB100098AA11 /* Base */,
			);
			name = Main.storyboard;
			sourceTree = "<group>";
		};
		EB6DCE3C29F0BB120098AA11 /* LaunchScreen.storyboard */ = {
			isa = PBXVariantGroup;
			children = (
				EB6DCE3D29F0BB120098AA11 /* Base */,
			);
			name = LaunchScreen.storyboard;
			sourceTree = "<group>";
		};
/* End PBXVariantGroup section */

/* Begin XCBuildConfiguration section */
		EB6DCE4029F0BB120098AA11 /* Debug */ = {
			isa = XCBuildConfiguration;
			buildSettings = {
				ALWAYS_SEARCH_USER_PATHS = NO;
				CLANG_ANALYZER_NONNULL = YES;
				CLANG_ANALYZER_NUMBER_OBJECT_CONVERSION = YES_AGGRESSIVE;
				CLANG_CXX_LANGUAGE_STANDARD = "gnu++20";
				CLANG_ENABLE_MODULES = YES;
				CLANG_ENABLE_OBJC_ARC = YES;
				CLANG_ENABLE_OBJC_WEAK = YES;
				CLANG_WARN_BLOCK_CAPTURE_AUTORELEASING = YES;
				CLANG_WARN_BOOL_CONVERSION = YES;
				CLANG_WARN_COMMA = YES;
				CLANG_WARN_CONSTANT_CONVERSION = YES;
				CLANG_WARN_DEPRECATED_OBJC_IMPLEMENTATIONS = YES;
				CLANG_WARN_DIRECT_OBJC_ISA_USAGE = YES_ERROR;
				CLANG_WARN_DOCUMENTATION_COMMENTS = YES;
				CLANG_WARN_EMPTY_BODY = YES;
				CLANG_WARN_ENUM_CONVERSION = YES;
				CLANG_WARN_INFINITE_RECURSION = YES;
				CLANG_WARN_INT_CONVERSION = YES;
				CLANG_WARN_NON_LITERAL_NULL_CONVERSION = YES;
				CLANG_WARN_OBJC_IMPLICIT_RETAIN_SELF = YES;
				CLANG_WARN_OBJC_LITERAL_CONVERSION = YES;
				CLANG_WARN_OBJC_ROOT_CLASS = YES_ERROR;
				CLANG_WARN_QUOTED_INCLUDE_IN_FRAMEWORK_HEADER = YES;
				CLANG_WARN_RANGE_LOOP_ANALYSIS = YES;
				CLANG_WARN_STRICT_PROTOTYPES = YES;
				CLANG_WARN_SUSPICIOUS_MOVE = YES;
				CLANG_WARN_UNGUARDED_AVAILABILITY = YES_AGGRESSIVE;
				CLANG_WARN_UNREACHABLE_CODE = YES;
				CLANG_WARN__DUPLICATE_METHOD_MATCH = YES;
				COPY_PHASE_STRIP = NO;
				DEBUG_INFORMATION_FORMAT = dwarf;
				ENABLE_STRICT_OBJC_MSGSEND = YES;
				ENABLE_TESTABILITY = YES;
				GCC_C_LANGUAGE_STANDARD = gnu11;
				GCC_DYNAMIC_NO_PIC = NO;
				GCC_NO_COMMON_BLOCKS = YES;
				GCC_OPTIMIZATION_LEVEL = 0;
				GCC_PREPROCESSOR_DEFINITIONS = (
					"DEBUG=1",
					"$(inherited)",
				);
				GCC_WARN_64_TO_32_BIT_CONVERSION = YES;
				GCC_WARN_ABOUT_RETURN_TYPE = YES_ERROR;
				GCC_WARN_UNDECLARED_SELECTOR = YES;
				GCC_WARN_UNINITIALIZED_AUTOS = YES_AGGRESSIVE;
				GCC_WARN_UNUSED_FUNCTION = YES;
				GCC_WARN_UNUSED_VARIABLE = YES;
				IPHONEOS_DEPLOYMENT_TARGET = 16.4;
				MTL_ENABLE_DEBUG_INFO = INCLUDE_SOURCE;
				MTL_FAST_MATH = YES;
				ONLY_ACTIVE_ARCH = YES;
				SDKROOT = iphoneos;
				SWIFT_ACTIVE_COMPILATION_CONDITIONS = DEBUG;
				SWIFT_OPTIMIZATION_LEVEL = "-Onone";
			};
			name = Debug;
		};
		EB6DCE4129F0BB120098AA11 /* Release */ = {
			isa = XCBuildConfiguration;
			buildSettings = {
				ALWAYS_SEARCH_USER_PATHS = NO;
				CLANG_ANALYZER_NONNULL = YES;
				CLANG_ANALYZER_NUMBER_OBJECT_CONVERSION = YES_AGGRESSIVE;
				CLANG_CXX_LANGUAGE_STANDARD = "gnu++20";
				CLANG_ENABLE_MODULES = YES;
				CLANG_ENABLE_OBJC_ARC = YES;
				CLANG_ENABLE_OBJC_WEAK = YES;
				CLANG_WARN_BLOCK_CAPTURE_AUTORELEASING = YES;
				CLANG_WARN_BOOL_CONVERSION = YES;
				CLANG_WARN_COMMA = YES;
				CLANG_WARN_CONSTANT_CONVERSION = YES;
				CLANG_WARN_DEPRECATED_OBJC_IMPLEMENTATIONS = YES;
				CLANG_WARN_DIRECT_OBJC_ISA_USAGE = YES_ERROR;
				CLANG_WARN_DOCUMENTATION_COMMENTS = YES;
				CLANG_WARN_EMPTY_BODY = YES;
				CLANG_WARN_ENUM_CONVERSION = YES;
				CLANG_WARN_INFINITE_RECURSION = YES;
				CLANG_WARN_INT_CONVERSION = YES;
				CLANG_WARN_NON_LITERAL_NULL_CONVERSION = YES;
				CLANG_WARN_OBJC_IMPLICIT_RETAIN_SELF = YES;
				CLANG_WARN_OBJC_LITERAL_CONVERSION = YES;
				CLANG_WARN_OBJC_ROOT_CLASS = YES_ERROR;
				CLANG_WARN_QUOTED_INCLUDE_IN_FRAMEWORK_HEADER = YES;
				CLANG_WARN_RANGE_LOOP_ANALYSIS = YES;
				CLANG_WARN_STRICT_PROTOTYPES = YES;
				CLANG_WARN_SUSPICIOUS_MOVE = YES;
				CLANG_WARN_UNGUARDED_AVAILABILITY = YES_AGGRESSIVE;
				CLANG_WARN_UNREACHABLE_CODE = YES;
				CLANG_WARN__DUPLICATE_METHOD_MATCH = YES;
				COPY_PHASE_STRIP = NO;
				DEBUG_INFORMATION_FORMAT = "dwarf-with-dsym";
				ENABLE_NS_ASSERTIONS = NO;
				ENABLE_STRICT_OBJC_MSGSEND = YES;
				GCC_C_LANGUAGE_STANDARD = gnu11;
				GCC_NO_COMMON_BLOCKS = YES;
				GCC_WARN_64_TO_32_BIT_CONVERSION = YES;
				GCC_WARN_ABOUT_RETURN_TYPE = YES_ERROR;
				GCC_WARN_UNDECLARED_SELECTOR = YES;
				GCC_WARN_UNINITIALIZED_AUTOS = YES_AGGRESSIVE;
				GCC_WARN_UNUSED_FUNCTION = YES;
				GCC_WARN_UNUSED_VARIABLE = YES;
				IPHONEOS_DEPLOYMENT_TARGET = 16.4;
				MTL_ENABLE_DEBUG_INFO = NO;
				MTL_FAST_MATH = YES;
				SDKROOT = iphoneos;
				SWIFT_COMPILATION_MODE = wholemodule;
				SWIFT_OPTIMIZATION_LEVEL = "-O";
				VALIDATE_PRODUCT = YES;
			};
			name = Release;
		};
		EB6DCE4329F0BB120098AA11 /* Debug */ = {
			isa = XCBuildConfiguration;
			baseConfigurationReference = C7AB8A2F75CD7CB2C551B2B6 /* Pods-TipReporter.debug.xcconfig */;
			buildSettings = {
				ASSETCATALOG_COMPILER_APPICON_NAME = AppIcon;
				ASSETCATALOG_COMPILER_GLOBAL_ACCENT_COLOR_NAME = AccentColor;
				ASSETCATALOG_COMPILER_INCLUDE_ALL_APPICON_ASSETS = YES;
				CODE_SIGN_STYLE = Automatic;
				CURRENT_PROJECT_VERSION = 1;
				DEVELOPMENT_TEAM = DGQ5P34GS9;
				GENERATE_INFOPLIST_FILE = YES;
				INFOPLIST_FILE = TipReporter/Info.plist;
				INFOPLIST_KEY_CFBundleDisplayName = "VIP Tracker";
				INFOPLIST_KEY_LSApplicationCategoryType = "public.app-category.utilities";
				INFOPLIST_KEY_UIApplicationSupportsIndirectInputEvents = YES;
				INFOPLIST_KEY_UILaunchStoryboardName = LaunchScreen.storyboard;
				INFOPLIST_KEY_UIMainStoryboardFile = Main;
				INFOPLIST_KEY_UIRequiresFullScreen = YES;
				INFOPLIST_KEY_UIStatusBarStyle = "";
				INFOPLIST_KEY_UISupportedInterfaceOrientations = "UIInterfaceOrientationLandscapeLeft UIInterfaceOrientationLandscapeRight UIInterfaceOrientationPortrait";
				IPHONEOS_DEPLOYMENT_TARGET = 15.0;
				LD_RUNPATH_SEARCH_PATHS = (
					"$(inherited)",
					"@executable_path/Frameworks",
				);
				MARKETING_VERSION = 0.38;
				PRODUCT_BUNDLE_IDENTIFIER = MobileApp.TipReporter;
				PRODUCT_NAME = "$(TARGET_NAME)";
				SWIFT_EMIT_LOC_STRINGS = YES;
				SWIFT_VERSION = 5.0;
				TARGETED_DEVICE_FAMILY = "1,2";
			};
			name = Debug;
		};
		EB6DCE4429F0BB120098AA11 /* Release */ = {
			isa = XCBuildConfiguration;
			baseConfigurationReference = FFA1670B938292A0CEBD65E2 /* Pods-TipReporter.release.xcconfig */;
			buildSettings = {
				ASSETCATALOG_COMPILER_APPICON_NAME = AppIcon;
				ASSETCATALOG_COMPILER_GLOBAL_ACCENT_COLOR_NAME = AccentColor;
				ASSETCATALOG_COMPILER_INCLUDE_ALL_APPICON_ASSETS = YES;
				CODE_SIGN_STYLE = Automatic;
				CURRENT_PROJECT_VERSION = 1;
				DEVELOPMENT_TEAM = DGQ5P34GS9;
				GENERATE_INFOPLIST_FILE = YES;
				INFOPLIST_FILE = TipReporter/Info.plist;
				INFOPLIST_KEY_CFBundleDisplayName = "VIP Tracker";
				INFOPLIST_KEY_LSApplicationCategoryType = "public.app-category.utilities";
				INFOPLIST_KEY_UIApplicationSupportsIndirectInputEvents = YES;
				INFOPLIST_KEY_UILaunchStoryboardName = LaunchScreen.storyboard;
				INFOPLIST_KEY_UIMainStoryboardFile = Main;
				INFOPLIST_KEY_UIRequiresFullScreen = YES;
				INFOPLIST_KEY_UIStatusBarStyle = "";
				INFOPLIST_KEY_UISupportedInterfaceOrientations = "UIInterfaceOrientationLandscapeLeft UIInterfaceOrientationLandscapeRight UIInterfaceOrientationPortrait";
				IPHONEOS_DEPLOYMENT_TARGET = 15.0;
				LD_RUNPATH_SEARCH_PATHS = (
					"$(inherited)",
					"@executable_path/Frameworks",
				);
				MARKETING_VERSION = 0.38;
				PRODUCT_BUNDLE_IDENTIFIER = MobileApp.TipReporter;
				PRODUCT_NAME = "$(TARGET_NAME)";
				SWIFT_EMIT_LOC_STRINGS = YES;
				SWIFT_VERSION = 5.0;
				TARGETED_DEVICE_FAMILY = "1,2";
			};
			name = Release;
		};
/* End XCBuildConfiguration section */

/* Begin XCConfigurationList section */
		EB6DCE2929F0BB0F0098AA11 /* Build configuration list for PBXProject "TipReporter" */ = {
			isa = XCConfigurationList;
			buildConfigurations = (
				EB6DCE4029F0BB120098AA11 /* Debug */,
				EB6DCE4129F0BB120098AA11 /* Release */,
			);
			defaultConfigurationIsVisible = 0;
			defaultConfigurationName = Release;
		};
		EB6DCE4229F0BB120098AA11 /* Build configuration list for PBXNativeTarget "TipReporter" */ = {
			isa = XCConfigurationList;
			buildConfigurations = (
				EB6DCE4329F0BB120098AA11 /* Debug */,
				EB6DCE4429F0BB120098AA11 /* Release */,
			);
			defaultConfigurationIsVisible = 0;
			defaultConfigurationName = Release;
		};
/* End XCConfigurationList section */
	};
	rootObject = EB6DCE2629F0BB0F0098AA11 /* Project object */;
}
